{
  "nodes": {
    "binaryen": {
      "flake": false,
      "locked": {
        "lastModified": 1636138915,
        "narHash": "sha256-W2EvVxv0dJgxUICxXlF2xgaELY8WUdy09s4RlAn6QDo=",
        "owner": "WebAssembly",
        "repo": "binaryen",
        "rev": "993ebb35dbd499bf36cd37bb79d695cd63767765",
        "type": "github"
      },
      "original": {
        "owner": "WebAssembly",
        "ref": "main",
        "repo": "binaryen",
        "type": "github"
      }
    },
    "devshell": {
      "locked": {
        "lastModified": 1636119665,
        "narHash": "sha256-e11Z9PyH9hdgTm4Vyl8S5iTwrv0um6+srzb1Ba+YUHA=",
        "owner": "numtide",
        "repo": "devshell",
        "rev": "ab14b1a3cb253f58e02f5f849d621292fbf81fad",
        "type": "github"
      },
      "original": {
        "owner": "numtide",
        "ref": "master",
        "repo": "devshell",
        "type": "github"
      }
    },
    "flake-compat": {
      "flake": false,
      "locked": {
        "lastModified": 1627913399,
        "narHash": "sha256-hY8g6H2KFL8ownSiFeMOjwPC8P0ueXpCVEbxgda3pko=",
        "owner": "edolstra",
        "repo": "flake-compat",
        "rev": "12c64ca55c1014cdc1b16ed5a804aa8576601ff2",
        "type": "github"
      },
      "original": {
        "owner": "edolstra",
        "repo": "flake-compat",
        "type": "github"
      }
    },
    "flake-utils": {
      "locked": {
        "lastModified": 1634851050,
        "narHash": "sha256-N83GlSGPJJdcqhUxSCS/WwW5pksYf3VP1M13cDRTSVA=",
        "owner": "numtide",
        "repo": "flake-utils",
        "rev": "c91f3de5adaf1de973b797ef7485e441a65b8935",
        "type": "github"
      },
      "original": {
        "owner": "numtide",
        "repo": "flake-utils",
        "type": "github"
      }
    },
    "flake-utils_2": {
      "locked": {
        "lastModified": 1623875721,
        "narHash": "sha256-A8BU7bjS5GirpAUv4QA+QnJ4CceLHkcXdRp4xITDB0s=",
        "owner": "numtide",
        "repo": "flake-utils",
        "rev": "f7e004a55b120c02ecb6219596820fcd32ca8772",
        "type": "github"
      },
      "original": {
        "owner": "numtide",
        "repo": "flake-utils",
        "type": "github"
      }
    },
    "mozillapkgs": {
      "flake": false,
      "locked": {
        "lastModified": 1636047415,
        "narHash": "sha256-iDFogua24bhFJZSxG/jhZbbNxDXuKP9S/pyRIYzrRPM=",
        "owner": "mozilla",
        "repo": "nixpkgs-mozilla",
        "rev": "cf58c4c67b15b402e77a2665b9e7bad3e9293cb2",
        "type": "github"
      },
      "original": {
        "owner": "mozilla",
        "repo": "nixpkgs-mozilla",
        "type": "github"
      }
    },
    "naersk": {
      "inputs": {
        "nixpkgs": [
          "nixpkgs"
        ]
      },
      "locked": {
        "lastModified": 1636103400,
        "narHash": "sha256-6DRg/0P9oT5I/V02sloqGVHf8F6f+7DFoBZNPdr+hOI=",
        "owner": "nix-community",
        "repo": "naersk",
        "rev": "074d81b1a45145f076b2adf93184073fc9615397",
        "type": "github"
      },
      "original": {
        "owner": "nix-community",
        "repo": "naersk",
        "type": "github"
      }
    },
    "nixpkgs": {
      "locked": {
        "lastModified": 1636066614,
        "narHash": "sha256-6XUf07A1IYXmSE4/2qsxLZ4L19C+y9khqxbzkEErJ3Q=",
        "owner": "nixos",
        "repo": "nixpkgs",
        "rev": "96ded94eb0a8ca3781fb52087b40e09425e384cb",
        "type": "github"
      },
      "original": {
        "owner": "nixos",
        "ref": "nixos-21.05",
        "repo": "nixpkgs",
        "type": "github"
      }
    },
    "root": {
      "inputs": {
        "binaryen": "binaryen",
        "devshell": "devshell",
        "flake-compat": "flake-compat",
        "flake-utils": "flake-utils",
        "mozillapkgs": "mozillapkgs",
        "naersk": "naersk",
        "nixpkgs": "nixpkgs",
        "rust-overlay": "rust-overlay",
        "zellij": "zellij"
      }
    },
    "rust-overlay": {
      "inputs": {
        "flake-utils": "flake-utils_2",
        "nixpkgs": [
          "nixpkgs"
        ]
      },
      "locked": {
        "lastModified": 1636078532,
        "narHash": "sha256-RS8IaExWnqB0vyRfChIxE5LxV9qEOYlQ9NAdmYP+L+o=",
        "owner": "oxalica",
        "repo": "rust-overlay",
        "rev": "5153c49ce8715f6115933f81a1c0058600690c82",
        "type": "github"
      },
      "original": {
        "owner": "oxalica",
        "repo": "rust-overlay",
        "type": "github"
      }
    },
    "zellij": {
      "flake": false,
      "locked": {
        "lastModified": 1636146401,
        "narHash": "sha256-IsZhrXpLGKiqjpAYyCd1h6n/qLb0Xa9unpfxUH8aDIY=",
        "owner": "zellij-org",
        "repo": "zellij",
        "rev": "6e7f44a8e8f273e9a0e1986943638f9cbbc896d8",
        "type": "github"
      },
      "original": {
        "owner": "zellij-org",
        "repo": "zellij",
        "type": "github"
      }
    }
  },
  "root": "root",
  "version": 7
}
