{
  "nodes": {
    "binaryen": {
      "flake": false,
      "locked": {
        "lastModified": 1650662083,
        "narHash": "sha256-AMjp7wgBB+lZsu2aGkAS/6tyjdnm/HSLQ/e/j5QDHqQ=",
        "owner": "WebAssembly",
        "repo": "binaryen",
        "rev": "be25a9cfb881153ab631e52e36a37e1eed872ff5",
        "type": "github"
      },
      "original": {
        "owner": "WebAssembly",
        "ref": "main",
        "repo": "binaryen",
        "type": "github"
      }
    },
    "devshell": {
      "inputs": {
        "flake-utils": "flake-utils",
        "nixpkgs": "nixpkgs"
      },
      "locked": {
        "lastModified": 1650389807,
        "narHash": "sha256-GFRBdHMJ/T/ifaE2GS58RWpxyufH0LqI3oGS6oWAnHk=",
        "owner": "numtide",
        "repo": "devshell",
        "rev": "5a53bbf3eb4c908d83884d725a86b3a3bde35979",
        "type": "github"
      },
      "original": {
        "owner": "numtide",
        "ref": "master",
        "repo": "devshell",
        "type": "github"
      }
    },
    "flake-compat": {
      "flake": false,
      "locked": {
        "lastModified": 1650374568,
        "narHash": "sha256-Z+s0J8/r907g149rllvwhb4pKi8Wam5ij0st8PwAh+E=",
        "owner": "edolstra",
        "repo": "flake-compat",
        "rev": "b4a34015c698c7793d592d66adbab377907a2be8",
        "type": "github"
      },
      "original": {
        "owner": "edolstra",
        "repo": "flake-compat",
        "type": "github"
      }
    },
    "flake-utils": {
      "locked": {
        "lastModified": 1642700792,
        "narHash": "sha256-XqHrk7hFb+zBvRg6Ghl+AZDq03ov6OshJLiSWOoX5es=",
        "owner": "numtide",
        "repo": "flake-utils",
        "rev": "846b2ae0fc4cc943637d3d1def4454213e203cba",
        "type": "github"
      },
      "original": {
        "owner": "numtide",
        "repo": "flake-utils",
        "type": "github"
      }
    },
    "flake-utils_2": {
      "locked": {
        "lastModified": 1649676176,
        "narHash": "sha256-OWKJratjt2RW151VUlJPRALb7OU2S5s+f0vLj4o1bHM=",
        "owner": "numtide",
        "repo": "flake-utils",
        "rev": "a4b154ebbdc88c8498a5c7b01589addc9e9cb678",
        "type": "github"
      },
      "original": {
        "owner": "numtide",
        "repo": "flake-utils",
        "type": "github"
      }
    },
    "flake-utils_3": {
      "locked": {
        "lastModified": 1637014545,
        "narHash": "sha256-26IZAc5yzlD9FlDT54io1oqG/bBoyka+FJk5guaX4x4=",
        "owner": "numtide",
        "repo": "flake-utils",
        "rev": "bba5dcc8e0b20ab664967ad83d24d64cb64ec4f4",
        "type": "github"
      },
      "original": {
        "owner": "numtide",
        "repo": "flake-utils",
        "type": "github"
      }
    },
    "naersk": {
      "inputs": {
        "nixpkgs": [
          "nixpkgs"
        ]
      },
      "locked": {
        "lastModified": 1650265945,
        "narHash": "sha256-SO8+1db4jTOjnwP++29vVgImLIfETSXyoz0FuLkiikE=",
        "owner": "nix-community",
        "repo": "naersk",
        "rev": "e8f9f8d037774becd82fce2781e1abdb7836d7df",
        "type": "github"
      },
      "original": {
        "owner": "nix-community",
        "repo": "naersk",
        "type": "github"
      }
    },
    "nixpkgs": {
      "locked": {
        "lastModified": 1643381941,
        "narHash": "sha256-pHTwvnN4tTsEKkWlXQ8JMY423epos8wUOhthpwJjtpc=",
        "owner": "NixOS",
        "repo": "nixpkgs",
        "rev": "5efc8ca954272c4376ac929f4c5ffefcc20551d5",
        "type": "github"
      },
      "original": {
        "owner": "NixOS",
        "ref": "nixpkgs-unstable",
        "repo": "nixpkgs",
        "type": "github"
      }
    },
    "nixpkgs_2": {
      "locked": {
        "lastModified": 1650701402,
        "narHash": "sha256-XKfstdtqDg+O+gNBx1yGVKWIhLgfEDg/e2lvJSsp9vU=",
        "owner": "nixos",
        "repo": "nixpkgs",
        "rev": "bc41b01dd7a9fdffd32d9b03806798797532a5fe",
        "type": "github"
      },
      "original": {
        "owner": "nixos",
        "ref": "nixos-unstable",
        "repo": "nixpkgs",
        "type": "github"
      }
    },
    "root": {
      "inputs": {
        "binaryen": "binaryen",
        "devshell": "devshell",
        "flake-compat": "flake-compat",
        "flake-utils": "flake-utils_2",
        "naersk": "naersk",
        "nixpkgs": "nixpkgs_2",
        "rust-overlay": "rust-overlay",
        "zellij": "zellij"
      }
    },
    "rust-overlay": {
      "inputs": {
        "flake-utils": "flake-utils_3",
        "nixpkgs": [
          "nixpkgs"
        ]
      },
      "locked": {
        "lastModified": 1650681299,
        "narHash": "sha256-JNvHHeeXDl3UnjWolMSbH2sWvhAYPfAutL815kZ6vFs=",
        "owner": "oxalica",
        "repo": "rust-overlay",
        "rev": "d10f36b093459eb71ddcfedbab538c1ae3dfebb2",
        "type": "github"
      },
      "original": {
        "owner": "oxalica",
        "repo": "rust-overlay",
        "type": "github"
      }
    },
    "zellij": {
      "flake": false,
      "locked": {
        "lastModified": 1650468622,
        "narHash": "sha256-ks+VoThM7qP3s1YnOfxOn32ZgbMbg9fY/rDM96re2Gg=",
        "owner": "zellij-org",
        "repo": "zellij",
        "rev": "667ee8b1b9bb46a1ca24fce01591dfc650572590",
        "type": "github"
      },
      "original": {
        "owner": "zellij-org",
        "repo": "zellij",
        "type": "github"
      }
    }
  },
  "root": "root",
  "version": 7
}
